PODS:
  - BeyovaJSON (0.0.7)
  - CryptoSwift (0.9.0)
  - GoloCrypto (1.0.2)
  - Localize-Swift (2.0.0)
  - Locksmith (4.0.0)
  - secp256k1.swift (0.1.3)
  - Starscream (3.0.5)

DEPENDENCIES:
  - BeyovaJSON (~> 0.0)
  - CryptoSwift
  - GoloCrypto (from `https://github.com/Monserg/GoloGrypto.git`)
  - Localize-Swift (~> 2.0)
  - Locksmith
  - secp256k1.swift
  - Starscream (~> 3.0)

SPEC REPOS:
  https://github.com/cocoapods/specs.git:
    - BeyovaJSON
    - CryptoSwift
    - Localize-Swift
    - Locksmith
    - secp256k1.swift
    - Starscream

EXTERNAL SOURCES:
  GoloCrypto:
    :git: https://github.com/Monserg/GoloGrypto.git

CHECKOUT OPTIONS:
  GoloCrypto:
    :commit: 8d313294c657eae661ee9ac8a9e200e4a736dd2a
    :git: https://github.com/Monserg/GoloGrypto.git

SPEC CHECKSUMS:
  BeyovaJSON: 085c9fa886fa0b13e2964cc8c6965fab5bc7f90f
  CryptoSwift: bca8c5b653dcc2d9734409242a070ff53bafac86
  GoloCrypto: f017c39d2a2153fb7ac8a75e2046d0aa48fd7eac
  Localize-Swift: c798ec9286494866f7068f85f7c71283ac5bdab4
  Locksmith: e9bebbaaa4cee3c511bc358a44f843c3fe00e21f
  secp256k1.swift: 3012a2bb09e183f43ac702125202c01c0bf55ea2
  Starscream: faf918b2f2eff7d5dd21180646bf015a669673bd

PODFILE CHECKSUM: 66b81dc3d37fd4abdc34a602bd1f0612009aed0e

COCOAPODS: 1.5.3
