PODS:
  - BeyovaJSON (0.0.7)
  - CryptoSwift (0.13.0)
  - GoloCrypto (1.0.6)
  - Localize-Swift (2.0.0)
  - Locksmith (4.0.0)
  - secp256k1.swift (0.1.4)
  - Starscream (3.0.6)

DEPENDENCIES:
  - BeyovaJSON (~> 0.0)
  - CryptoSwift
  - GoloCrypto (from `https://github.com/Monserg/GoloGrypto.git`)
  - Localize-Swift (~> 2.0)
  - Locksmith
  - secp256k1.swift
  - Starscream (~> 3.0)

SPEC REPOS:
  https://github.com/cocoapods/specs.git:
    - BeyovaJSON
    - CryptoSwift
    - Localize-Swift
    - Locksmith
    - secp256k1.swift
    - Starscream

EXTERNAL SOURCES:
  GoloCrypto:
    :git: https://github.com/Monserg/GoloGrypto.git

CHECKOUT OPTIONS:
  GoloCrypto:
    :commit: c40a95682df32420b70d45e43590d9ef096de124
    :git: https://github.com/Monserg/GoloGrypto.git

SPEC CHECKSUMS:
  BeyovaJSON: 085c9fa886fa0b13e2964cc8c6965fab5bc7f90f
  CryptoSwift: 16e78bebf567bad1c87b2d58f6547f25b74c31aa
  GoloCrypto: 3f60e824b57ca657be702fb2cf4bd1f7a379257a
  Localize-Swift: c798ec9286494866f7068f85f7c71283ac5bdab4
  Locksmith: e9bebbaaa4cee3c511bc358a44f843c3fe00e21f
  secp256k1.swift: a7e7a214f6db6ce5db32cc6b2b45e5c4dd633634
  Starscream: ef3ece99d765eeccb67de105bfa143f929026cf5

PODFILE CHECKSUM: 66b81dc3d37fd4abdc34a602bd1f0612009aed0e

COCOAPODS: 1.6.0.beta.2
