// !$*UTF8*$!
{
	archiveVersion = 1;
	classes = {
	};
	objectVersion = 50;
	objects = {

/* Begin PBXBuildFile section */
		B15FB43820AC3381000245CE /* WebSocketManager.swift in Sources */ = {isa = PBXBuildFile; fileRef = B15FB43720AC3381000245CE /* WebSocketManager.swift */; };
		B1D9007520AB250D00AECE51 /* GoloSwift.h in Headers */ = {isa = PBXBuildFile; fileRef = B1D9007320AB250D00AECE51 /* GoloSwift.h */; settings = {ATTRIBUTES = (Public, ); }; };
		B1D9007D20AB25CB00AECE51 /* Logger.swift in Sources */ = {isa = PBXBuildFile; fileRef = B1D9007C20AB25CB00AECE51 /* Logger.swift */; };
		B1D9007F20AB25D200AECE51 /* Broadcast.swift in Sources */ = {isa = PBXBuildFile; fileRef = B1D9007E20AB25D200AECE51 /* Broadcast.swift */; };
		B1D9008720AB272400AECE51 /* MethodAPI.swift in Sources */ = {isa = PBXBuildFile; fileRef = B1D9008120AB272400AECE51 /* MethodAPI.swift */; };
		B1D9008820AB272400AECE51 /* OperationType.swift in Sources */ = {isa = PBXBuildFile; fileRef = B1D9008220AB272400AECE51 /* OperationType.swift */; };
		B1D9008920AB272400AECE51 /* RequestAPI.swift in Sources */ = {isa = PBXBuildFile; fileRef = B1D9008320AB272400AECE51 /* RequestAPI.swift */; };
		B1D9008A20AB272400AECE51 /* ErrorAPI.swift in Sources */ = {isa = PBXBuildFile; fileRef = B1D9008420AB272400AECE51 /* ErrorAPI.swift */; };
		B1D9008B20AB272400AECE51 /* ResponseAPI.swift in Sources */ = {isa = PBXBuildFile; fileRef = B1D9008520AB272400AECE51 /* ResponseAPI.swift */; };
		B1D9008C20AB272400AECE51 /* Transaction.swift in Sources */ = {isa = PBXBuildFile; fileRef = B1D9008620AB272400AECE51 /* Transaction.swift */; };
		B1D9009920AB2D6C00AECE51 /* Date+Extensions.swift in Sources */ = {isa = PBXBuildFile; fileRef = B1D9009420AB2D6C00AECE51 /* Date+Extensions.swift */; };
		B1D9009A20AB2D6C00AECE51 /* String+Extensions.swift in Sources */ = {isa = PBXBuildFile; fileRef = B1D9009520AB2D6C00AECE51 /* String+Extensions.swift */; };
		B1D9009B20AB2D6C00AECE51 /* Array+Extensions.swift in Sources */ = {isa = PBXBuildFile; fileRef = B1D9009620AB2D6C00AECE51 /* Array+Extensions.swift */; };
		B1D9009C20AB2D6C00AECE51 /* Constants.swift in Sources */ = {isa = PBXBuildFile; fileRef = B1D9009720AB2D6C00AECE51 /* Constants.swift */; };
		B1D9009D20AB2D6C00AECE51 /* Numeric+Extensions.swift in Sources */ = {isa = PBXBuildFile; fileRef = B1D9009820AB2D6C00AECE51 /* Numeric+Extensions.swift */; };
		B1D900A020AB316A00AECE51 /* Localizable.strings in Resources */ = {isa = PBXBuildFile; fileRef = B1D900A220AB316A00AECE51 /* Localizable.strings */; };
		B1D900AF20AB3E9B00AECE51 /* BeyovaJSON.framework in Frameworks */ = {isa = PBXBuildFile; fileRef = B1D900AE20AB3E9B00AECE51 /* BeyovaJSON.framework */; };
		B1D900B120AB3E9B00AECE51 /* CryptoSwift.framework in Frameworks */ = {isa = PBXBuildFile; fileRef = B1D900B020AB3E9B00AECE51 /* CryptoSwift.framework */; };
		B1D900B320AB3E9B00AECE51 /* Localize_Swift.framework in Frameworks */ = {isa = PBXBuildFile; fileRef = B1D900B220AB3E9B00AECE51 /* Localize_Swift.framework */; };
		B1D900B520AB3E9B00AECE51 /* Locksmith.framework in Frameworks */ = {isa = PBXBuildFile; fileRef = B1D900B420AB3E9B00AECE51 /* Locksmith.framework */; };
		B1D900B720AB3E9B00AECE51 /* secp256k1.framework in Frameworks */ = {isa = PBXBuildFile; fileRef = B1D900B620AB3E9B00AECE51 /* secp256k1.framework */; };
		B1D900BA20AB504100AECE51 /* LICENSE.md in Resources */ = {isa = PBXBuildFile; fileRef = B1D900B920AB504100AECE51 /* LICENSE.md */; };
		B1D900C720AC02A600AECE51 /* Base58.swift in Sources */ = {isa = PBXBuildFile; fileRef = B1D900C620AC02A600AECE51 /* Base58.swift */; };
		FCCA940BEFEC1AE44E9B6840 /* Pods_GoloSwift.framework in Frameworks */ = {isa = PBXBuildFile; fileRef = 07A06354C27890305D67078F /* Pods_GoloSwift.framework */; };
/* End PBXBuildFile section */

/* Begin PBXFileReference section */
		07A06354C27890305D67078F /* Pods_GoloSwift.framework */ = {isa = PBXFileReference; explicitFileType = wrapper.framework; includeInIndex = 0; path = Pods_GoloSwift.framework; sourceTree = BUILT_PRODUCTS_DIR; };
		4BF523C6845228D4D791780A /* Pods-GoloSwift.release.xcconfig */ = {isa = PBXFileReference; includeInIndex = 1; lastKnownFileType = text.xcconfig; name = "Pods-GoloSwift.release.xcconfig"; path = "Pods/Target Support Files/Pods-GoloSwift/Pods-GoloSwift.release.xcconfig"; sourceTree = "<group>"; };
		B15FB43720AC3381000245CE /* WebSocketManager.swift */ = {isa = PBXFileReference; fileEncoding = 4; lastKnownFileType = sourcecode.swift; path = WebSocketManager.swift; sourceTree = "<group>"; };
		B1D9007020AB250D00AECE51 /* GoloSwift.framework */ = {isa = PBXFileReference; explicitFileType = wrapper.framework; includeInIndex = 0; path = GoloSwift.framework; sourceTree = BUILT_PRODUCTS_DIR; };
		B1D9007320AB250D00AECE51 /* GoloSwift.h */ = {isa = PBXFileReference; lastKnownFileType = sourcecode.c.h; path = GoloSwift.h; sourceTree = "<group>"; };
		B1D9007420AB250D00AECE51 /* Info.plist */ = {isa = PBXFileReference; lastKnownFileType = text.plist.xml; path = Info.plist; sourceTree = "<group>"; };
		B1D9007C20AB25CB00AECE51 /* Logger.swift */ = {isa = PBXFileReference; fileEncoding = 4; lastKnownFileType = sourcecode.swift; path = Logger.swift; sourceTree = "<group>"; };
		B1D9007E20AB25D200AECE51 /* Broadcast.swift */ = {isa = PBXFileReference; fileEncoding = 4; lastKnownFileType = sourcecode.swift; path = Broadcast.swift; sourceTree = "<group>"; };
		B1D9008120AB272400AECE51 /* MethodAPI.swift */ = {isa = PBXFileReference; fileEncoding = 4; lastKnownFileType = sourcecode.swift; path = MethodAPI.swift; sourceTree = "<group>"; };
		B1D9008220AB272400AECE51 /* OperationType.swift */ = {isa = PBXFileReference; fileEncoding = 4; lastKnownFileType = sourcecode.swift; path = OperationType.swift; sourceTree = "<group>"; };
		B1D9008320AB272400AECE51 /* RequestAPI.swift */ = {isa = PBXFileReference; fileEncoding = 4; lastKnownFileType = sourcecode.swift; path = RequestAPI.swift; sourceTree = "<group>"; };
		B1D9008420AB272400AECE51 /* ErrorAPI.swift */ = {isa = PBXFileReference; fileEncoding = 4; lastKnownFileType = sourcecode.swift; path = ErrorAPI.swift; sourceTree = "<group>"; };
		B1D9008520AB272400AECE51 /* ResponseAPI.swift */ = {isa = PBXFileReference; fileEncoding = 4; lastKnownFileType = sourcecode.swift; path = ResponseAPI.swift; sourceTree = "<group>"; };
		B1D9008620AB272400AECE51 /* Transaction.swift */ = {isa = PBXFileReference; fileEncoding = 4; lastKnownFileType = sourcecode.swift; path = Transaction.swift; sourceTree = "<group>"; };
		B1D9009420AB2D6C00AECE51 /* Date+Extensions.swift */ = {isa = PBXFileReference; fileEncoding = 4; lastKnownFileType = sourcecode.swift; path = "Date+Extensions.swift"; sourceTree = "<group>"; };
		B1D9009520AB2D6C00AECE51 /* String+Extensions.swift */ = {isa = PBXFileReference; fileEncoding = 4; lastKnownFileType = sourcecode.swift; path = "String+Extensions.swift"; sourceTree = "<group>"; };
		B1D9009620AB2D6C00AECE51 /* Array+Extensions.swift */ = {isa = PBXFileReference; fileEncoding = 4; lastKnownFileType = sourcecode.swift; path = "Array+Extensions.swift"; sourceTree = "<group>"; };
		B1D9009720AB2D6C00AECE51 /* Constants.swift */ = {isa = PBXFileReference; fileEncoding = 4; lastKnownFileType = sourcecode.swift; path = Constants.swift; sourceTree = "<group>"; };
		B1D9009820AB2D6C00AECE51 /* Numeric+Extensions.swift */ = {isa = PBXFileReference; fileEncoding = 4; lastKnownFileType = sourcecode.swift; path = "Numeric+Extensions.swift"; sourceTree = "<group>"; };
		B1D900A120AB316A00AECE51 /* en */ = {isa = PBXFileReference; lastKnownFileType = text.plist.strings; name = en; path = en.lproj/Localizable.strings; sourceTree = "<group>"; };
		B1D900A320AB317E00AECE51 /* ru */ = {isa = PBXFileReference; lastKnownFileType = text.plist.strings; name = ru; path = ru.lproj/Localizable.strings; sourceTree = "<group>"; };
		B1D900A420AB3DBE00AECE51 /* BeyovaJSON.framework */ = {isa = PBXFileReference; explicitFileType = wrapper.framework; path = BeyovaJSON.framework; sourceTree = BUILT_PRODUCTS_DIR; };
		B1D900A620AB3DCA00AECE51 /* Localize_Swift.framework */ = {isa = PBXFileReference; explicitFileType = wrapper.framework; path = Localize_Swift.framework; sourceTree = BUILT_PRODUCTS_DIR; };
		B1D900A820AB3DCA00AECE51 /* Locksmith.framework */ = {isa = PBXFileReference; explicitFileType = wrapper.framework; path = Locksmith.framework; sourceTree = BUILT_PRODUCTS_DIR; };
		B1D900AA20AB3DDA00AECE51 /* CryptoSwift.framework */ = {isa = PBXFileReference; explicitFileType = wrapper.framework; path = CryptoSwift.framework; sourceTree = BUILT_PRODUCTS_DIR; };
		B1D900AC20AB3DDA00AECE51 /* secp256k1.framework */ = {isa = PBXFileReference; explicitFileType = wrapper.framework; path = secp256k1.framework; sourceTree = BUILT_PRODUCTS_DIR; };
		B1D900AE20AB3E9B00AECE51 /* BeyovaJSON.framework */ = {isa = PBXFileReference; explicitFileType = wrapper.framework; path = BeyovaJSON.framework; sourceTree = BUILT_PRODUCTS_DIR; };
		B1D900B020AB3E9B00AECE51 /* CryptoSwift.framework */ = {isa = PBXFileReference; explicitFileType = wrapper.framework; path = CryptoSwift.framework; sourceTree = BUILT_PRODUCTS_DIR; };
		B1D900B220AB3E9B00AECE51 /* Localize_Swift.framework */ = {isa = PBXFileReference; explicitFileType = wrapper.framework; path = Localize_Swift.framework; sourceTree = BUILT_PRODUCTS_DIR; };
		B1D900B420AB3E9B00AECE51 /* Locksmith.framework */ = {isa = PBXFileReference; explicitFileType = wrapper.framework; path = Locksmith.framework; sourceTree = BUILT_PRODUCTS_DIR; };
		B1D900B620AB3E9B00AECE51 /* secp256k1.framework */ = {isa = PBXFileReference; explicitFileType = wrapper.framework; path = secp256k1.framework; sourceTree = BUILT_PRODUCTS_DIR; };
		B1D900B920AB504100AECE51 /* LICENSE.md */ = {isa = PBXFileReference; lastKnownFileType = net.daringfireball.markdown; path = LICENSE.md; sourceTree = "<group>"; };
		B1D900C620AC02A600AECE51 /* Base58.swift */ = {isa = PBXFileReference; fileEncoding = 4; lastKnownFileType = sourcecode.swift; path = Base58.swift; sourceTree = "<group>"; };
		EE3F22598EC38832B26DF26C /* Pods-GoloSwift.debug.xcconfig */ = {isa = PBXFileReference; includeInIndex = 1; lastKnownFileType = text.xcconfig; name = "Pods-GoloSwift.debug.xcconfig"; path = "Pods/Target Support Files/Pods-GoloSwift/Pods-GoloSwift.debug.xcconfig"; sourceTree = "<group>"; };
/* End PBXFileReference section */

/* Begin PBXFrameworksBuildPhase section */
		B1D9006C20AB250D00AECE51 /* Frameworks */ = {
			isa = PBXFrameworksBuildPhase;
			buildActionMask = 2147483647;
			files = (
				B1D900AF20AB3E9B00AECE51 /* BeyovaJSON.framework in Frameworks */,
				B1D900B120AB3E9B00AECE51 /* CryptoSwift.framework in Frameworks */,
				B1D900B320AB3E9B00AECE51 /* Localize_Swift.framework in Frameworks */,
				B1D900B520AB3E9B00AECE51 /* Locksmith.framework in Frameworks */,
				B1D900B720AB3E9B00AECE51 /* secp256k1.framework in Frameworks */,
				FCCA940BEFEC1AE44E9B6840 /* Pods_GoloSwift.framework in Frameworks */,
			);
			runOnlyForDeploymentPostprocessing = 0;
		};
/* End PBXFrameworksBuildPhase section */

/* Begin PBXGroup section */
		10CD755145DBFBCABD1F23E8 /* Frameworks */ = {
			isa = PBXGroup;
			children = (
				B1D900AE20AB3E9B00AECE51 /* BeyovaJSON.framework */,
				B1D900B020AB3E9B00AECE51 /* CryptoSwift.framework */,
				B1D900B220AB3E9B00AECE51 /* Localize_Swift.framework */,
				B1D900B420AB3E9B00AECE51 /* Locksmith.framework */,
				B1D900B620AB3E9B00AECE51 /* secp256k1.framework */,
				B1D900AA20AB3DDA00AECE51 /* CryptoSwift.framework */,
				B1D900AC20AB3DDA00AECE51 /* secp256k1.framework */,
				B1D900A620AB3DCA00AECE51 /* Localize_Swift.framework */,
				B1D900A820AB3DCA00AECE51 /* Locksmith.framework */,
				B1D900A420AB3DBE00AECE51 /* BeyovaJSON.framework */,
				07A06354C27890305D67078F /* Pods_GoloSwift.framework */,
			);
			name = Frameworks;
			sourceTree = "<group>";
		};
		B1D9006620AB250D00AECE51 = {
			isa = PBXGroup;
			children = (
				B1D900B920AB504100AECE51 /* LICENSE.md */,
				B1D9007220AB250D00AECE51 /* GoloSwift */,
				B1D9007120AB250D00AECE51 /* Products */,
				DFF030DD8D6B6B8D81046889 /* Pods */,
				10CD755145DBFBCABD1F23E8 /* Frameworks */,
			);
			sourceTree = "<group>";
		};
		B1D9007120AB250D00AECE51 /* Products */ = {
			isa = PBXGroup;
			children = (
				B1D9007020AB250D00AECE51 /* GoloSwift.framework */,
			);
			name = Products;
			sourceTree = "<group>";
		};
		B1D9007220AB250D00AECE51 /* GoloSwift */ = {
			isa = PBXGroup;
			children = (
				B1D9009320AB2D5900AECE51 /* Extensions */,
				B1D9008020AB270500AECE51 /* Models */,
				B1D9007B20AB259E00AECE51 /* Managers */,
				B1D9007320AB250D00AECE51 /* GoloSwift.h */,
				B1D9007420AB250D00AECE51 /* Info.plist */,
				B1D900A220AB316A00AECE51 /* Localizable.strings */,
			);
			path = GoloSwift;
			sourceTree = "<group>";
		};
		B1D9007B20AB259E00AECE51 /* Managers */ = {
			isa = PBXGroup;
			children = (
				B1D900C620AC02A600AECE51 /* Base58.swift */,
				B1D9007E20AB25D200AECE51 /* Broadcast.swift */,
				B1D9007C20AB25CB00AECE51 /* Logger.swift */,
				B15FB43720AC3381000245CE /* WebSocketManager.swift */,
			);
			path = Managers;
			sourceTree = "<group>";
		};
		B1D9008020AB270500AECE51 /* Models */ = {
			isa = PBXGroup;
			children = (
				B1D9008420AB272400AECE51 /* ErrorAPI.swift */,
				B1D9008120AB272400AECE51 /* MethodAPI.swift */,
				B1D9008220AB272400AECE51 /* OperationType.swift */,
				B1D9008320AB272400AECE51 /* RequestAPI.swift */,
				B1D9008520AB272400AECE51 /* ResponseAPI.swift */,
				B1D9008620AB272400AECE51 /* Transaction.swift */,
			);
			path = Models;
			sourceTree = "<group>";
		};
		B1D9009320AB2D5900AECE51 /* Extensions */ = {
			isa = PBXGroup;
			children = (
				B1D9009620AB2D6C00AECE51 /* Array+Extensions.swift */,
				B1D9009720AB2D6C00AECE51 /* Constants.swift */,
				B1D9009420AB2D6C00AECE51 /* Date+Extensions.swift */,
				B1D9009820AB2D6C00AECE51 /* Numeric+Extensions.swift */,
				B1D9009520AB2D6C00AECE51 /* String+Extensions.swift */,
			);
			path = Extensions;
			sourceTree = "<group>";
		};
		DFF030DD8D6B6B8D81046889 /* Pods */ = {
			isa = PBXGroup;
			children = (
				EE3F22598EC38832B26DF26C /* Pods-GoloSwift.debug.xcconfig */,
				4BF523C6845228D4D791780A /* Pods-GoloSwift.release.xcconfig */,
			);
			name = Pods;
			sourceTree = "<group>";
		};
/* End PBXGroup section */

/* Begin PBXHeadersBuildPhase section */
		B1D9006D20AB250D00AECE51 /* Headers */ = {
			isa = PBXHeadersBuildPhase;
			buildActionMask = 2147483647;
			files = (
				B1D9007520AB250D00AECE51 /* GoloSwift.h in Headers */,
			);
			runOnlyForDeploymentPostprocessing = 0;
		};
/* End PBXHeadersBuildPhase section */

/* Begin PBXNativeTarget section */
		B1D9006F20AB250D00AECE51 /* GoloSwift */ = {
			isa = PBXNativeTarget;
			buildConfigurationList = B1D9007820AB250D00AECE51 /* Build configuration list for PBXNativeTarget "GoloSwift" */;
			buildPhases = (
				B3D91ADA03E87588BDEE3C18 /* [CP] Check Pods Manifest.lock */,
				B1D9006B20AB250D00AECE51 /* Sources */,
				B1D9006C20AB250D00AECE51 /* Frameworks */,
				B1D9006D20AB250D00AECE51 /* Headers */,
				B1D9006E20AB250D00AECE51 /* Resources */,
			);
			buildRules = (
			);
			dependencies = (
			);
			name = GoloSwift;
			productName = GoloSwift;
			productReference = B1D9007020AB250D00AECE51 /* GoloSwift.framework */;
			productType = "com.apple.product-type.framework";
		};
/* End PBXNativeTarget section */

/* Begin PBXProject section */
		B1D9006720AB250D00AECE51 /* Project object */ = {
			isa = PBXProject;
			attributes = {
				LastUpgradeCheck = 0930;
				ORGANIZATIONNAME = golos;
				TargetAttributes = {
					B1D9006F20AB250D00AECE51 = {
						CreatedOnToolsVersion = 9.3.1;
						LastSwiftMigration = 0930;
					};
				};
			};
			buildConfigurationList = B1D9006A20AB250D00AECE51 /* Build configuration list for PBXProject "GoloSwift" */;
			compatibilityVersion = "Xcode 9.3";
			developmentRegion = en;
			hasScannedForEncodings = 0;
			knownRegions = (
				en,
				ru,
			);
			mainGroup = B1D9006620AB250D00AECE51;
			productRefGroup = B1D9007120AB250D00AECE51 /* Products */;
			projectDirPath = "";
			projectRoot = "";
			targets = (
				B1D9006F20AB250D00AECE51 /* GoloSwift */,
			);
		};
/* End PBXProject section */

/* Begin PBXResourcesBuildPhase section */
		B1D9006E20AB250D00AECE51 /* Resources */ = {
			isa = PBXResourcesBuildPhase;
			buildActionMask = 2147483647;
			files = (
				B1D900BA20AB504100AECE51 /* LICENSE.md in Resources */,
				B1D900A020AB316A00AECE51 /* Localizable.strings in Resources */,
			);
			runOnlyForDeploymentPostprocessing = 0;
		};
/* End PBXResourcesBuildPhase section */

/* Begin PBXShellScriptBuildPhase section */
		B3D91ADA03E87588BDEE3C18 /* [CP] Check Pods Manifest.lock */ = {
			isa = PBXShellScriptBuildPhase;
			buildActionMask = 2147483647;
			files = (
			);
			inputPaths = (
				"${PODS_PODFILE_DIR_PATH}/Podfile.lock",
				"${PODS_ROOT}/Manifest.lock",
			);
			name = "[CP] Check Pods Manifest.lock";
			outputPaths = (
				"$(DERIVED_FILE_DIR)/Pods-GoloSwift-checkManifestLockResult.txt",
			);
			runOnlyForDeploymentPostprocessing = 0;
			shellPath = /bin/sh;
			shellScript = "diff \"${PODS_PODFILE_DIR_PATH}/Podfile.lock\" \"${PODS_ROOT}/Manifest.lock\" > /dev/null\nif [ $? != 0 ] ; then\n    # print error to STDERR\n    echo \"error: The sandbox is not in sync with the Podfile.lock. Run 'pod install' or update your CocoaPods installation.\" >&2\n    exit 1\nfi\n# This output is used by Xcode 'outputs' to avoid re-running this script phase.\necho \"SUCCESS\" > \"${SCRIPT_OUTPUT_FILE_0}\"\n";
			showEnvVarsInLog = 0;
		};
/* End PBXShellScriptBuildPhase section */

/* Begin PBXSourcesBuildPhase section */
		B1D9006B20AB250D00AECE51 /* Sources */ = {
			isa = PBXSourcesBuildPhase;
			buildActionMask = 2147483647;
			files = (
				B1D9009A20AB2D6C00AECE51 /* String+Extensions.swift in Sources */,
				B1D9009D20AB2D6C00AECE51 /* Numeric+Extensions.swift in Sources */,
				B1D9008720AB272400AECE51 /* MethodAPI.swift in Sources */,
				B1D9008A20AB272400AECE51 /* ErrorAPI.swift in Sources */,
				B1D9009B20AB2D6C00AECE51 /* Array+Extensions.swift in Sources */,
				B1D9009920AB2D6C00AECE51 /* Date+Extensions.swift in Sources */,
				B1D9008C20AB272400AECE51 /* Transaction.swift in Sources */,
				B1D9008820AB272400AECE51 /* OperationType.swift in Sources */,
				B1D9007D20AB25CB00AECE51 /* Logger.swift in Sources */,
				B1D9008920AB272400AECE51 /* RequestAPI.swift in Sources */,
				B1D9008B20AB272400AECE51 /* ResponseAPI.swift in Sources */,
				B15FB43820AC3381000245CE /* WebSocketManager.swift in Sources */,
				B1D900C720AC02A600AECE51 /* Base58.swift in Sources */,
				B1D9007F20AB25D200AECE51 /* Broadcast.swift in Sources */,
				B1D9009C20AB2D6C00AECE51 /* Constants.swift in Sources */,
			);
			runOnlyForDeploymentPostprocessing = 0;
		};
/* End PBXSourcesBuildPhase section */

/* Begin PBXVariantGroup section */
		B1D900A220AB316A00AECE51 /* Localizable.strings */ = {
			isa = PBXVariantGroup;
			children = (
				B1D900A120AB316A00AECE51 /* en */,
				B1D900A320AB317E00AECE51 /* ru */,
			);
			name = Localizable.strings;
			sourceTree = "<group>";
		};
/* End PBXVariantGroup section */

/* Begin XCBuildConfiguration section */
		B1D9007620AB250D00AECE51 /* Debug */ = {
			isa = XCBuildConfiguration;
			buildSettings = {
				ALWAYS_SEARCH_USER_PATHS = NO;
				CLANG_ANALYZER_LOCALIZABILITY_NONLOCALIZED = YES;
				CLANG_ANALYZER_NONNULL = YES;
				CLANG_ANALYZER_NUMBER_OBJECT_CONVERSION = YES_AGGRESSIVE;
				CLANG_CXX_LANGUAGE_STANDARD = "gnu++14";
				CLANG_CXX_LIBRARY = "libc++";
				CLANG_ENABLE_MODULES = YES;
				CLANG_ENABLE_OBJC_ARC = YES;
				CLANG_ENABLE_OBJC_WEAK = YES;
				CLANG_WARN_BLOCK_CAPTURE_AUTORELEASING = YES;
				CLANG_WARN_BOOL_CONVERSION = YES;
				CLANG_WARN_COMMA = YES;
				CLANG_WARN_CONSTANT_CONVERSION = YES;
				CLANG_WARN_DEPRECATED_OBJC_IMPLEMENTATIONS = YES;
				CLANG_WARN_DIRECT_OBJC_ISA_USAGE = YES_ERROR;
				CLANG_WARN_DOCUMENTATION_COMMENTS = YES;
				CLANG_WARN_EMPTY_BODY = YES;
				CLANG_WARN_ENUM_CONVERSION = YES;
				CLANG_WARN_INFINITE_RECURSION = YES;
				CLANG_WARN_INT_CONVERSION = YES;
				CLANG_WARN_NON_LITERAL_NULL_CONVERSION = YES;
				CLANG_WARN_OBJC_IMPLICIT_RETAIN_SELF = YES;
				CLANG_WARN_OBJC_LITERAL_CONVERSION = YES;
				CLANG_WARN_OBJC_ROOT_CLASS = YES_ERROR;
				CLANG_WARN_RANGE_LOOP_ANALYSIS = YES;
				CLANG_WARN_STRICT_PROTOTYPES = YES;
				CLANG_WARN_SUSPICIOUS_MOVE = YES;
				CLANG_WARN_UNGUARDED_AVAILABILITY = YES_AGGRESSIVE;
				CLANG_WARN_UNREACHABLE_CODE = YES;
				CLANG_WARN__DUPLICATE_METHOD_MATCH = YES;
				CODE_SIGN_IDENTITY = "iPhone Developer";
				COPY_PHASE_STRIP = NO;
				CURRENT_PROJECT_VERSION = 1;
				DEBUG_INFORMATION_FORMAT = dwarf;
				ENABLE_STRICT_OBJC_MSGSEND = YES;
				ENABLE_TESTABILITY = YES;
				GCC_C_LANGUAGE_STANDARD = gnu11;
				GCC_DYNAMIC_NO_PIC = NO;
				GCC_NO_COMMON_BLOCKS = YES;
				GCC_OPTIMIZATION_LEVEL = 0;
				GCC_PREPROCESSOR_DEFINITIONS = (
					"DEBUG=1",
					"$(inherited)",
				);
				GCC_WARN_64_TO_32_BIT_CONVERSION = YES;
				GCC_WARN_ABOUT_RETURN_TYPE = YES_ERROR;
				GCC_WARN_UNDECLARED_SELECTOR = YES;
				GCC_WARN_UNINITIALIZED_AUTOS = YES_AGGRESSIVE;
				GCC_WARN_UNUSED_FUNCTION = YES;
				GCC_WARN_UNUSED_VARIABLE = YES;
				IPHONEOS_DEPLOYMENT_TARGET = 10.0;
				MTL_ENABLE_DEBUG_INFO = YES;
				ONLY_ACTIVE_ARCH = YES;
				SDKROOT = iphoneos;
				SWIFT_ACTIVE_COMPILATION_CONDITIONS = DEBUG;
				SWIFT_OPTIMIZATION_LEVEL = "-Onone";
				VERSIONING_SYSTEM = "apple-generic";
				VERSION_INFO_PREFIX = "";
			};
			name = Debug;
		};
		B1D9007720AB250D00AECE51 /* Release */ = {
			isa = XCBuildConfiguration;
			buildSettings = {
				ALWAYS_SEARCH_USER_PATHS = NO;
				CLANG_ANALYZER_LOCALIZABILITY_NONLOCALIZED = YES;
				CLANG_ANALYZER_NONNULL = YES;
				CLANG_ANALYZER_NUMBER_OBJECT_CONVERSION = YES_AGGRESSIVE;
				CLANG_CXX_LANGUAGE_STANDARD = "gnu++14";
				CLANG_CXX_LIBRARY = "libc++";
				CLANG_ENABLE_MODULES = YES;
				CLANG_ENABLE_OBJC_ARC = YES;
				CLANG_ENABLE_OBJC_WEAK = YES;
				CLANG_WARN_BLOCK_CAPTURE_AUTORELEASING = YES;
				CLANG_WARN_BOOL_CONVERSION = YES;
				CLANG_WARN_COMMA = YES;
				CLANG_WARN_CONSTANT_CONVERSION = YES;
				CLANG_WARN_DEPRECATED_OBJC_IMPLEMENTATIONS = YES;
				CLANG_WARN_DIRECT_OBJC_ISA_USAGE = YES_ERROR;
				CLANG_WARN_DOCUMENTATION_COMMENTS = YES;
				CLANG_WARN_EMPTY_BODY = YES;
				CLANG_WARN_ENUM_CONVERSION = YES;
				CLANG_WARN_INFINITE_RECURSION = YES;
				CLANG_WARN_INT_CONVERSION = YES;
				CLANG_WARN_NON_LITERAL_NULL_CONVERSION = YES;
				CLANG_WARN_OBJC_IMPLICIT_RETAIN_SELF = YES;
				CLANG_WARN_OBJC_LITERAL_CONVERSION = YES;
				CLANG_WARN_OBJC_ROOT_CLASS = YES_ERROR;
				CLANG_WARN_RANGE_LOOP_ANALYSIS = YES;
				CLANG_WARN_STRICT_PROTOTYPES = YES;
				CLANG_WARN_SUSPICIOUS_MOVE = YES;
				CLANG_WARN_UNGUARDED_AVAILABILITY = YES_AGGRESSIVE;
				CLANG_WARN_UNREACHABLE_CODE = YES;
				CLANG_WARN__DUPLICATE_METHOD_MATCH = YES;
				CODE_SIGN_IDENTITY = "iPhone Developer";
				COPY_PHASE_STRIP = NO;
				CURRENT_PROJECT_VERSION = 1;
				DEBUG_INFORMATION_FORMAT = "dwarf-with-dsym";
				ENABLE_NS_ASSERTIONS = NO;
				ENABLE_STRICT_OBJC_MSGSEND = YES;
				GCC_C_LANGUAGE_STANDARD = gnu11;
				GCC_NO_COMMON_BLOCKS = YES;
				GCC_WARN_64_TO_32_BIT_CONVERSION = YES;
				GCC_WARN_ABOUT_RETURN_TYPE = YES_ERROR;
				GCC_WARN_UNDECLARED_SELECTOR = YES;
				GCC_WARN_UNINITIALIZED_AUTOS = YES_AGGRESSIVE;
				GCC_WARN_UNUSED_FUNCTION = YES;
				GCC_WARN_UNUSED_VARIABLE = YES;
				IPHONEOS_DEPLOYMENT_TARGET = 10.0;
				MTL_ENABLE_DEBUG_INFO = NO;
				SDKROOT = iphoneos;
				SWIFT_COMPILATION_MODE = wholemodule;
				SWIFT_OPTIMIZATION_LEVEL = "-O";
				VALIDATE_PRODUCT = YES;
				VERSIONING_SYSTEM = "apple-generic";
				VERSION_INFO_PREFIX = "";
			};
			name = Release;
		};
		B1D9007920AB250D00AECE51 /* Debug */ = {
			isa = XCBuildConfiguration;
			baseConfigurationReference = EE3F22598EC38832B26DF26C /* Pods-GoloSwift.debug.xcconfig */;
			buildSettings = {
				CLANG_ENABLE_MODULES = YES;
				CODE_SIGN_IDENTITY = "";
				CODE_SIGN_STYLE = Automatic;
				DEFINES_MODULE = YES;
				DYLIB_COMPATIBILITY_VERSION = 1;
				DYLIB_CURRENT_VERSION = 1;
				DYLIB_INSTALL_NAME_BASE = "@rpath";
				FRAMEWORK_SEARCH_PATHS = "$(inherited)";
				INFOPLIST_FILE = GoloSwift/Info.plist;
				INSTALL_PATH = "$(LOCAL_LIBRARY_DIR)/Frameworks";
				LD_RUNPATH_SEARCH_PATHS = (
					"$(inherited)",
					"@executable_path/Frameworks",
					"@loader_path/Frameworks",
				);
				PRODUCT_BUNDLE_IDENTIFIER = io.golos.GoloSwift;
				PRODUCT_NAME = "$(TARGET_NAME:c99extidentifier)";
				SKIP_INSTALL = YES;
				SWIFT_OPTIMIZATION_LEVEL = "-Onone";
				SWIFT_VERSION = 4.0;
				TARGETED_DEVICE_FAMILY = "1,2";
			};
			name = Debug;
		};
		B1D9007A20AB250D00AECE51 /* Release */ = {
			isa = XCBuildConfiguration;
			baseConfigurationReference = 4BF523C6845228D4D791780A /* Pods-GoloSwift.release.xcconfig */;
			buildSettings = {
				CLANG_ENABLE_MODULES = YES;
				CODE_SIGN_IDENTITY = "";
				CODE_SIGN_STYLE = Automatic;
				DEFINES_MODULE = YES;
				DYLIB_COMPATIBILITY_VERSION = 1;
				DYLIB_CURRENT_VERSION = 1;
				DYLIB_INSTALL_NAME_BASE = "@rpath";
				FRAMEWORK_SEARCH_PATHS = "$(inherited)";
				INFOPLIST_FILE = GoloSwift/Info.plist;
				INSTALL_PATH = "$(LOCAL_LIBRARY_DIR)/Frameworks";
				LD_RUNPATH_SEARCH_PATHS = (
					"$(inherited)",
					"@executable_path/Frameworks",
					"@loader_path/Frameworks",
				);
				OTHER_LDFLAGS = (
					"$(inherited)",
					"-framework",
					"\"BeyovaJSON\"",
					"-framework",
					"\"CryptoSwift\"",
					"-framework",
					"\"Localize_Swift\"",
					"-framework",
					"\"Locksmith\"",
					"-framework",
					"\"secp256k1\"",
				);
				PRODUCT_BUNDLE_IDENTIFIER = io.golos.GoloSwift;
				PRODUCT_NAME = "$(TARGET_NAME:c99extidentifier)";
				SKIP_INSTALL = YES;
				SWIFT_VERSION = 4.0;
				TARGETED_DEVICE_FAMILY = "1,2";
			};
			name = Release;
		};
/* End XCBuildConfiguration section */

/* Begin XCConfigurationList section */
		B1D9006A20AB250D00AECE51 /* Build configuration list for PBXProject "GoloSwift" */ = {
			isa = XCConfigurationList;
			buildConfigurations = (
				B1D9007620AB250D00AECE51 /* Debug */,
				B1D9007720AB250D00AECE51 /* Release */,
			);
			defaultConfigurationIsVisible = 0;
			defaultConfigurationName = Release;
		};
		B1D9007820AB250D00AECE51 /* Build configuration list for PBXNativeTarget "GoloSwift" */ = {
			isa = XCConfigurationList;
			buildConfigurations = (
				B1D9007920AB250D00AECE51 /* Debug */,
				B1D9007A20AB250D00AECE51 /* Release */,
			);
			defaultConfigurationIsVisible = 0;
			defaultConfigurationName = Release;
		};
/* End XCConfigurationList section */
	};
	rootObject = B1D9006720AB250D00AECE51 /* Project object */;
}
